// !$*UTF8*$!
{
	archiveVersion = 1;
	classes = {
	};
	objectVersion = 46;
	objects = {

/* Begin PBXBuildFile section */
		6C3C6E5319E461A1007F1431 /* main.m in Sources */ = {isa = PBXBuildFile; fileRef = 6C3C6E5219E461A1007F1431 /* main.m */; };
		6C3C6E5619E461A1007F1431 /* AppDelegate.m in Sources */ = {isa = PBXBuildFile; fileRef = 6C3C6E5519E461A1007F1431 /* AppDelegate.m */; };
		6C3C6E5919E461A1007F1431 /* ViewController.m in Sources */ = {isa = PBXBuildFile; fileRef = 6C3C6E5819E461A1007F1431 /* ViewController.m */; };
		6C3C6E5C19E461A1007F1431 /* Main.storyboard in Resources */ = {isa = PBXBuildFile; fileRef = 6C3C6E5A19E461A1007F1431 /* Main.storyboard */; };
		6C3C6E5E19E461A1007F1431 /* Images.xcassets in Resources */ = {isa = PBXBuildFile; fileRef = 6C3C6E5D19E461A1007F1431 /* Images.xcassets */; };
		6C3C6E6119E461A1007F1431 /* LaunchScreen.xib in Resources */ = {isa = PBXBuildFile; fileRef = 6C3C6E5F19E461A1007F1431 /* LaunchScreen.xib */; };
		6C3C6E6D19E461A1007F1431 /* MCMSTests.m in Sources */ = {isa = PBXBuildFile; fileRef = 6C3C6E6C19E461A1007F1431 /* MCMSTests.m */; };
		6C3C6E7819E461B5007F1431 /* MagicalCreature.m in Sources */ = {isa = PBXBuildFile; fileRef = 6C3C6E7719E461B5007F1431 /* MagicalCreature.m */; };
		6CBC41C619E47CBA00BBB4A3 /* CreatureDetailViewController.m in Sources */ = {isa = PBXBuildFile; fileRef = 6CBC41C519E47CBA00BBB4A3 /* CreatureDetailViewController.m */; };
/* End PBXBuildFile section */

/* Begin PBXContainerItemProxy section */
		6C3C6E6719E461A1007F1431 /* PBXContainerItemProxy */ = {
			isa = PBXContainerItemProxy;
			containerPortal = 6C3C6E4519E461A1007F1431 /* Project object */;
			proxyType = 1;
			remoteGlobalIDString = 6C3C6E4C19E461A1007F1431;
			remoteInfo = MCMS;
		};
/* End PBXContainerItemProxy section */

/* Begin PBXFileReference section */
		6C3C6E4D19E461A1007F1431 /* MCMS.app */ = {isa = PBXFileReference; explicitFileType = wrapper.application; includeInIndex = 0; path = MCMS.app; sourceTree = BUILT_PRODUCTS_DIR; };
		6C3C6E5119E461A1007F1431 /* Info.plist */ = {isa = PBXFileReference; lastKnownFileType = text.plist.xml; path = Info.plist; sourceTree = "<group>"; };
		6C3C6E5219E461A1007F1431 /* main.m */ = {isa = PBXFileReference; lastKnownFileType = sourcecode.c.objc; path = main.m; sourceTree = "<group>"; };
		6C3C6E5419E461A1007F1431 /* AppDelegate.h */ = {isa = PBXFileReference; lastKnownFileType = sourcecode.c.h; path = AppDelegate.h; sourceTree = "<group>"; };
		6C3C6E5519E461A1007F1431 /* AppDelegate.m */ = {isa = PBXFileReference; lastKnownFileType = sourcecode.c.objc; path = AppDelegate.m; sourceTree = "<group>"; };
		6C3C6E5719E461A1007F1431 /* ViewController.h */ = {isa = PBXFileReference; lastKnownFileType = sourcecode.c.h; path = ViewController.h; sourceTree = "<group>"; };
		6C3C6E5819E461A1007F1431 /* ViewController.m */ = {isa = PBXFileReference; lastKnownFileType = sourcecode.c.objc; path = ViewController.m; sourceTree = "<group>"; };
		6C3C6E5B19E461A1007F1431 /* Base */ = {isa = PBXFileReference; lastKnownFileType = file.storyboard; name = Base; path = Base.lproj/Main.storyboard; sourceTree = "<group>"; };
		6C3C6E5D19E461A1007F1431 /* Images.xcassets */ = {isa = PBXFileReference; lastKnownFileType = folder.assetcatalog; path = Images.xcassets; sourceTree = "<group>"; };
		6C3C6E6019E461A1007F1431 /* Base */ = {isa = PBXFileReference; lastKnownFileType = file.xib; name = Base; path = Base.lproj/LaunchScreen.xib; sourceTree = "<group>"; };
		6C3C6E6619E461A1007F1431 /* MCMSTests.xctest */ = {isa = PBXFileReference; explicitFileType = wrapper.cfbundle; includeInIndex = 0; path = MCMSTests.xctest; sourceTree = BUILT_PRODUCTS_DIR; };
		6C3C6E6B19E461A1007F1431 /* Info.plist */ = {isa = PBXFileReference; lastKnownFileType = text.plist.xml; path = Info.plist; sourceTree = "<group>"; };
		6C3C6E6C19E461A1007F1431 /* MCMSTests.m */ = {isa = PBXFileReference; lastKnownFileType = sourcecode.c.objc; path = MCMSTests.m; sourceTree = "<group>"; };
		6C3C6E7619E461B5007F1431 /* MagicalCreature.h */ = {isa = PBXFileReference; fileEncoding = 4; lastKnownFileType = sourcecode.c.h; path = MagicalCreature.h; sourceTree = "<group>"; };
		6C3C6E7719E461B5007F1431 /* MagicalCreature.m */ = {isa = PBXFileReference; fileEncoding = 4; lastKnownFileType = sourcecode.c.objc; path = MagicalCreature.m; sourceTree = "<group>"; };
		6CBC41C419E47CBA00BBB4A3 /* CreatureDetailViewController.h */ = {isa = PBXFileReference; fileEncoding = 4; lastKnownFileType = sourcecode.c.h; path = CreatureDetailViewController.h; sourceTree = "<group>"; };
		6CBC41C519E47CBA00BBB4A3 /* CreatureDetailViewController.m */ = {isa = PBXFileReference; fileEncoding = 4; lastKnownFileType = sourcecode.c.objc; path = CreatureDetailViewController.m; sourceTree = "<group>"; };
/* End PBXFileReference section */

/* Begin PBXFrameworksBuildPhase section */
		6C3C6E4A19E461A1007F1431 /* Frameworks */ = {
			isa = PBXFrameworksBuildPhase;
			buildActionMask = 2147483647;
			files = (
			);
			runOnlyForDeploymentPostprocessing = 0;
		};
		6C3C6E6319E461A1007F1431 /* Frameworks */ = {
			isa = PBXFrameworksBuildPhase;
			buildActionMask = 2147483647;
			files = (
			);
			runOnlyForDeploymentPostprocessing = 0;
		};
/* End PBXFrameworksBuildPhase section */

/* Begin PBXGroup section */
		6C3C6E4419E461A1007F1431 = {
			isa = PBXGroup;
			children = (
				6C3C6E4F19E461A1007F1431 /* MCMS */,
				6C3C6E6919E461A1007F1431 /* MCMSTests */,
				6C3C6E4E19E461A1007F1431 /* Products */,
			);
			sourceTree = "<group>";
		};
		6C3C6E4E19E461A1007F1431 /* Products */ = {
			isa = PBXGroup;
			children = (
				6C3C6E4D19E461A1007F1431 /* MCMS.app */,
				6C3C6E6619E461A1007F1431 /* MCMSTests.xctest */,
			);
			name = Products;
			sourceTree = "<group>";
		};
		6C3C6E4F19E461A1007F1431 /* MCMS */ = {
			isa = PBXGroup;
			children = (
				6C3C6E5419E461A1007F1431 /* AppDelegate.h */,
				6C3C6E5519E461A1007F1431 /* AppDelegate.m */,
				6C3C6E5719E461A1007F1431 /* ViewController.h */,
				6C3C6E5819E461A1007F1431 /* ViewController.m */,
				6C3C6E7619E461B5007F1431 /* MagicalCreature.h */,
				6C3C6E7719E461B5007F1431 /* MagicalCreature.m */,
				6CBC41C419E47CBA00BBB4A3 /* CreatureDetailViewController.h */,
				6CBC41C519E47CBA00BBB4A3 /* CreatureDetailViewController.m */,
				6C3C6E5A19E461A1007F1431 /* Main.storyboard */,
				6C3C6E5D19E461A1007F1431 /* Images.xcassets */,
				6C3C6E5F19E461A1007F1431 /* LaunchScreen.xib */,
				6C3C6E5019E461A1007F1431 /* Supporting Files */,
			);
			path = MCMS;
			sourceTree = "<group>";
		};
		6C3C6E5019E461A1007F1431 /* Supporting Files */ = {
			isa = PBXGroup;
			children = (
				6C3C6E5119E461A1007F1431 /* Info.plist */,
				6C3C6E5219E461A1007F1431 /* main.m */,
			);
			name = "Supporting Files";
			sourceTree = "<group>";
		};
		6C3C6E6919E461A1007F1431 /* MCMSTests */ = {
			isa = PBXGroup;
			children = (
				6C3C6E6C19E461A1007F1431 /* MCMSTests.m */,
				6C3C6E6A19E461A1007F1431 /* Supporting Files */,
			);
			path = MCMSTests;
			sourceTree = "<group>";
		};
		6C3C6E6A19E461A1007F1431 /* Supporting Files */ = {
			isa = PBXGroup;
			children = (
				6C3C6E6B19E461A1007F1431 /* Info.plist */,
			);
			name = "Supporting Files";
			sourceTree = "<group>";
		};
/* End PBXGroup section */

/* Begin PBXNativeTarget section */
		6C3C6E4C19E461A1007F1431 /* MCMS */ = {
			isa = PBXNativeTarget;
			buildConfigurationList = 6C3C6E7019E461A1007F1431 /* Build configuration list for PBXNativeTarget "MCMS" */;
			buildPhases = (
				6C3C6E4919E461A1007F1431 /* Sources */,
				6C3C6E4A19E461A1007F1431 /* Frameworks */,
				6C3C6E4B19E461A1007F1431 /* Resources */,
			);
			buildRules = (
			);
			dependencies = (
			);
			name = MCMS;
			productName = MCMS;
			productReference = 6C3C6E4D19E461A1007F1431 /* MCMS.app */;
			productType = "com.apple.product-type.application";
		};
		6C3C6E6519E461A1007F1431 /* MCMSTests */ = {
			isa = PBXNativeTarget;
			buildConfigurationList = 6C3C6E7319E461A1007F1431 /* Build configuration list for PBXNativeTarget "MCMSTests" */;
			buildPhases = (
				6C3C6E6219E461A1007F1431 /* Sources */,
				6C3C6E6319E461A1007F1431 /* Frameworks */,
				6C3C6E6419E461A1007F1431 /* Resources */,
			);
			buildRules = (
			);
			dependencies = (
				6C3C6E6819E461A1007F1431 /* PBXTargetDependency */,
			);
			name = MCMSTests;
			productName = MCMSTests;
			productReference = 6C3C6E6619E461A1007F1431 /* MCMSTests.xctest */;
			productType = "com.apple.product-type.bundle.unit-test";
		};
/* End PBXNativeTarget section */

/* Begin PBXProject section */
		6C3C6E4519E461A1007F1431 /* Project object */ = {
			isa = PBXProject;
			attributes = {
				LastUpgradeCheck = 0600;
				ORGANIZATIONNAME = "Amaeya Kalke";
				TargetAttributes = {
					6C3C6E4C19E461A1007F1431 = {
						CreatedOnToolsVersion = 6.0.1;
					};
					6C3C6E6519E461A1007F1431 = {
						CreatedOnToolsVersion = 6.0.1;
						TestTargetID = 6C3C6E4C19E461A1007F1431;
					};
				};
			};
			buildConfigurationList = 6C3C6E4819E461A1007F1431 /* Build configuration list for PBXProject "MCMS" */;
			compatibilityVersion = "Xcode 3.2";
			developmentRegion = English;
			hasScannedForEncodings = 0;
			knownRegions = (
				en,
				Base,
			);
			mainGroup = 6C3C6E4419E461A1007F1431;
			productRefGroup = 6C3C6E4E19E461A1007F1431 /* Products */;
			projectDirPath = "";
			projectRoot = "";
			targets = (
				6C3C6E4C19E461A1007F1431 /* MCMS */,
				6C3C6E6519E461A1007F1431 /* MCMSTests */,
			);
		};
/* End PBXProject section */

/* Begin PBXResourcesBuildPhase section */
		6C3C6E4B19E461A1007F1431 /* Resources */ = {
			isa = PBXResourcesBuildPhase;
			buildActionMask = 2147483647;
			files = (
				6C3C6E5C19E461A1007F1431 /* Main.storyboard in Resources */,
				6C3C6E6119E461A1007F1431 /* LaunchScreen.xib in Resources */,
				6C3C6E5E19E461A1007F1431 /* Images.xcassets in Resources */,
			);
			runOnlyForDeploymentPostprocessing = 0;
		};
		6C3C6E6419E461A1007F1431 /* Resources */ = {
			isa = PBXResourcesBuildPhase;
			buildActionMask = 2147483647;
			files = (
			);
			runOnlyForDeploymentPostprocessing = 0;
		};
/* End PBXResourcesBuildPhase section */

/* Begin PBXSourcesBuildPhase section */
		6C3C6E4919E461A1007F1431 /* Sources */ = {
			isa = PBXSourcesBuildPhase;
			buildActionMask = 2147483647;
			files = (
				6C3C6E5919E461A1007F1431 /* ViewController.m in Sources */,
				6CBC41C619E47CBA00BBB4A3 /* CreatureDetailViewController.m in Sources */,
				6C3C6E7819E461B5007F1431 /* MagicalCreature.m in Sources */,
				6C3C6E5619E461A1007F1431 /* AppDelegate.m in Sources */,
				6C3C6E5319E461A1007F1431 /* main.m in Sources */,
			);
			runOnlyForDeploymentPostprocessing = 0;
		};
		6C3C6E6219E461A1007F1431 /* Sources */ = {
			isa = PBXSourcesBuildPhase;
			buildActionMask = 2147483647;
			files = (
				6C3C6E6D19E461A1007F1431 /* MCMSTests.m in Sources */,
			);
			runOnlyForDeploymentPostprocessing = 0;
		};
/* End PBXSourcesBuildPhase section */

/* Begin PBXTargetDependency section */
		6C3C6E6819E461A1007F1431 /* PBXTargetDependency */ = {
			isa = PBXTargetDependency;
			target = 6C3C6E4C19E461A1007F1431 /* MCMS */;
			targetProxy = 6C3C6E6719E461A1007F1431 /* PBXContainerItemProxy */;
		};
/* End PBXTargetDependency section */

/* Begin PBXVariantGroup section */
		6C3C6E5A19E461A1007F1431 /* Main.storyboard */ = {
			isa = PBXVariantGroup;
			children = (
				6C3C6E5B19E461A1007F1431 /* Base */,
			);
			name = Main.storyboard;
			sourceTree = "<group>";
		};
		6C3C6E5F19E461A1007F1431 /* LaunchScreen.xib */ = {
			isa = PBXVariantGroup;
			children = (
				6C3C6E6019E461A1007F1431 /* Base */,
			);
			name = LaunchScreen.xib;
			sourceTree = "<group>";
		};
/* End PBXVariantGroup section */

/* Begin XCBuildConfiguration section */
		6C3C6E6E19E461A1007F1431 /* Debug */ = {
			isa = XCBuildConfiguration;
			buildSettings = {
				ALWAYS_SEARCH_USER_PATHS = NO;
				CLANG_CXX_LANGUAGE_STANDARD = "gnu++0x";
				CLANG_CXX_LIBRARY = "libc++";
				CLANG_ENABLE_MODULES = YES;
				CLANG_ENABLE_OBJC_ARC = YES;
				CLANG_WARN_BOOL_CONVERSION = YES;
				CLANG_WARN_CONSTANT_CONVERSION = YES;
				CLANG_WARN_DIRECT_OBJC_ISA_USAGE = YES_ERROR;
				CLANG_WARN_EMPTY_BODY = YES;
				CLANG_WARN_ENUM_CONVERSION = YES;
				CLANG_WARN_INT_CONVERSION = YES;
				CLANG_WARN_OBJC_ROOT_CLASS = YES_ERROR;
				CLANG_WARN_UNREACHABLE_CODE = YES;
				CLANG_WARN__DUPLICATE_METHOD_MATCH = YES;
				"CODE_SIGN_IDENTITY[sdk=iphoneos*]" = "iPhone Developer";
				COPY_PHASE_STRIP = NO;
				ENABLE_STRICT_OBJC_MSGSEND = YES;
				GCC_C_LANGUAGE_STANDARD = gnu99;
				GCC_DYNAMIC_NO_PIC = NO;
				GCC_OPTIMIZATION_LEVEL = 0;
				GCC_PREPROCESSOR_DEFINITIONS = (
					"DEBUG=1",
					"$(inherited)",
				);
				GCC_SYMBOLS_PRIVATE_EXTERN = NO;
				GCC_WARN_64_TO_32_BIT_CONVERSION = YES;
				GCC_WARN_ABOUT_RETURN_TYPE = YES_ERROR;
				GCC_WARN_UNDECLARED_SELECTOR = YES;
				GCC_WARN_UNINITIALIZED_AUTOS = YES_AGGRESSIVE;
				GCC_WARN_UNUSED_FUNCTION = YES;
				GCC_WARN_UNUSED_VARIABLE = YES;
				IPHONEOS_DEPLOYMENT_TARGET = 8.0;
				MTL_ENABLE_DEBUG_INFO = YES;
				ONLY_ACTIVE_ARCH = YES;
				SDKROOT = iphoneos;
			};
			name = Debug;
		};
		6C3C6E6F19E461A1007F1431 /* Release */ = {
			isa = XCBuildConfiguration;
			buildSettings = {
				ALWAYS_SEARCH_USER_PATHS = NO;
				CLANG_CXX_LANGUAGE_STANDARD = "gnu++0x";
				CLANG_CXX_LIBRARY = "libc++";
				CLANG_ENABLE_MODULES = YES;
				CLANG_ENABLE_OBJC_ARC = YES;
				CLANG_WARN_BOOL_CONVERSION = YES;
				CLANG_WARN_CONSTANT_CONVERSION = YES;
				CLANG_WARN_DIRECT_OBJC_ISA_USAGE = YES_ERROR;
				CLANG_WARN_EMPTY_BODY = YES;
				CLANG_WARN_ENUM_CONVERSION = YES;
				CLANG_WARN_INT_CONVERSION = YES;
				CLANG_WARN_OBJC_ROOT_CLASS = YES_ERROR;
				CLANG_WARN_UNREACHABLE_CODE = YES;
				CLANG_WARN__DUPLICATE_METHOD_MATCH = YES;
				"CODE_SIGN_IDENTITY[sdk=iphoneos*]" = "iPhone Developer";
				COPY_PHASE_STRIP = YES;
				ENABLE_NS_ASSERTIONS = NO;
				ENABLE_STRICT_OBJC_MSGSEND = YES;
				GCC_C_LANGUAGE_STANDARD = gnu99;
				GCC_WARN_64_TO_32_BIT_CONVERSION = YES;
				GCC_WARN_ABOUT_RETURN_TYPE = YES_ERROR;
				GCC_WARN_UNDECLARED_SELECTOR = YES;
				GCC_WARN_UNINITIALIZED_AUTOS = YES_AGGRESSIVE;
				GCC_WARN_UNUSED_FUNCTION = YES;
				GCC_WARN_UNUSED_VARIABLE = YES;
				IPHONEOS_DEPLOYMENT_TARGET = 8.0;
				MTL_ENABLE_DEBUG_INFO = NO;
				SDKROOT = iphoneos;
				VALIDATE_PRODUCT = YES;
			};
			name = Release;
		};
		6C3C6E7119E461A1007F1431 /* Debug */ = {
			isa = XCBuildConfiguration;
			buildSettings = {
				ASSETCATALOG_COMPILER_APPICON_NAME = AppIcon;
				INFOPLIST_FILE = MCMS/Info.plist;
				LD_RUNPATH_SEARCH_PATHS = "$(inherited) @executable_path/Frameworks";
				PRODUCT_NAME = "$(TARGET_NAME)";
			};
			name = Debug;
		};
		6C3C6E7219E461A1007F1431 /* Release */ = {
			isa = XCBuildConfiguration;
			buildSettings = {
				ASSETCATALOG_COMPILER_APPICON_NAME = AppIcon;
				INFOPLIST_FILE = MCMS/Info.plist;
				LD_RUNPATH_SEARCH_PATHS = "$(inherited) @executable_path/Frameworks";
				PRODUCT_NAME = "$(TARGET_NAME)";
			};
			name = Release;
		};
		6C3C6E7419E461A1007F1431 /* Debug */ = {
			isa = XCBuildConfiguration;
			buildSettings = {
				BUNDLE_LOADER = "$(TEST_HOST)";
				FRAMEWORK_SEARCH_PATHS = (
					"$(SDKROOT)/Developer/Library/Frameworks",
					"$(inherited)",
				);
				GCC_PREPROCESSOR_DEFINITIONS = (
					"DEBUG=1",
					"$(inherited)",
				);
				INFOPLIST_FILE = MCMSTests/Info.plist;
				LD_RUNPATH_SEARCH_PATHS = "$(inherited) @executable_path/Frameworks @loader_path/Frameworks";
				PRODUCT_NAME = "$(TARGET_NAME)";
				TEST_HOST = "$(BUILT_PRODUCTS_DIR)/MCMS.app/MCMS";
			};
			name = Debug;
		};
		6C3C6E7519E461A1007F1431 /* Release */ = {
			isa = XCBuildConfiguration;
			buildSettings = {
				BUNDLE_LOADER = "$(TEST_HOST)";
				FRAMEWORK_SEARCH_PATHS = (
					"$(SDKROOT)/Developer/Library/Frameworks",
					"$(inherited)",
				);
				INFOPLIST_FILE = MCMSTests/Info.plist;
				LD_RUNPATH_SEARCH_PATHS = "$(inherited) @executable_path/Frameworks @loader_path/Frameworks";
				PRODUCT_NAME = "$(TARGET_NAME)";
				TEST_HOST = "$(BUILT_PRODUCTS_DIR)/MCMS.app/MCMS";
			};
			name = Release;
		};
/* End XCBuildConfiguration section */

/* Begin XCConfigurationList section */
		6C3C6E4819E461A1007F1431 /* Build configuration list for PBXProject "MCMS" */ = {
			isa = XCConfigurationList;
			buildConfigurations = (
				6C3C6E6E19E461A1007F1431 /* Debug */,
				6C3C6E6F19E461A1007F1431 /* Release */,
			);
			defaultConfigurationIsVisible = 0;
			defaultConfigurationName = Release;
		};
		6C3C6E7019E461A1007F1431 /* Build configuration list for PBXNativeTarget "MCMS" */ = {
			isa = XCConfigurationList;
			buildConfigurations = (
				6C3C6E7119E461A1007F1431 /* Debug */,
				6C3C6E7219E461A1007F1431 /* Release */,
			);
			defaultConfigurationIsVisible = 0;
			defaultConfigurationName = Release;
		};
		6C3C6E7319E461A1007F1431 /* Build configuration list for PBXNativeTarget "MCMSTests" */ = {
			isa = XCConfigurationList;
			buildConfigurations = (
				6C3C6E7419E461A1007F1431 /* Debug */,
				6C3C6E7519E461A1007F1431 /* Release */,
			);
			defaultConfigurationIsVisible = 0;
			defaultConfigurationName = Release;
		};
/* End XCConfigurationList section */
	};
	rootObject = 6C3C6E4519E461A1007F1431 /* Project object */;
}
